
Microsoft Visual Studio Solution File, Format Version 12.00
# Visual Studio 2012
Project("{FAE04EC0-301F-11D3-BF4B-00C04F79EFBC}") = "CrowfoundingHn.Presentation", "CrowfoundingHn.Presentation\CrowfoundingHn.Presentation.csproj", "{00C71E67-3F87-40DA-BF1C-2125A243AE0F}"
EndProject
Project("{FAE04EC0-301F-11D3-BF4B-00C04F79EFBC}") = "CrowfoundingHn.Presentation.Specs", "CrowfoundingHn.Presentation.Specs\CrowfoundingHn.Presentation.Specs.csproj", "{9D0AA903-D157-478E-8382-71F30C3B887F}"
EndProject
Project("{2150E333-8FDC-42A3-9474-1A3956D46DE8}") = "OutPuts", "OutPuts", "{B55319F7-79A8-4844-AE3E-784E1849B97C}"
EndProject
Project("{2150E333-8FDC-42A3-9474-1A3956D46DE8}") = "DomainProjects", "DomainProjects", "{B7BF8E26-8974-4C5E-88E6-4EC9A9008553}"
EndProject
Project("{2150E333-8FDC-42A3-9474-1A3956D46DE8}") = "DomainCommon", "DomainCommon", "{3D54FEDD-D75C-4E0D-BAED-87CB426B1BD6}"
EndProject
Project("{FAE04EC0-301F-11D3-BF4B-00C04F79EFBC}") = "CrowfoundingHn.Common", "CrowfoundingHn.Common\CrowfoundingHn.Common.csproj", "{B0D3E75C-BBFC-4C30-9F4A-4DB57C9E70E4}"
EndProject
Project("{FAE04EC0-301F-11D3-BF4B-00C04F79EFBC}") = "CrowfoundingHn.Projects", "CrowfoundingHn.Application.Projects\CrowfoundingHn.Projects.csproj", "{993D1ABD-E87A-4695-A7B3-93A6DD6D7036}"
EndProject
Project("{FAE04EC0-301F-11D3-BF4B-00C04F79EFBC}") = "CrowfoundingHn.Projects.Specs", "CrowfoundingHn.Projects.Specs\CrowfoundingHn.Projects.Specs.csproj", "{7CF08BDA-9867-4DA6-90F1-F4009B1C944C}"
EndProject
Project("{FAE04EC0-301F-11D3-BF4B-00C04F79EFBC}") = "CrowfoundingHn.Projects.Data", "CrowfoundingHn.Projects.Data\CrowfoundingHn.Projects.Data.csproj", "{7FD70C5A-2415-4F60-BCF4-306E9CD52995}"
EndProject
Project("{FAE04EC0-301F-11D3-BF4B-00C04F79EFBC}") = "CrowfoundingHn.Projects.Data.Specs", "CrowfoundingHn.Projects.Data.Specs\CrowfoundingHn.Projects.Data.Specs.csproj", "{8F64669B-5C46-4ABB-B290-36973291B5F6}"
EndProject
Project("{FAE04EC0-301F-11D3-BF4B-00C04F79EFBC}") = "CrowfoundingHn.Common.Specs", "CrowfoundingHn.Common.Specs\CrowfoundingHn.Common.Specs.csproj", "{DC7C89EF-AB6A-4EC2-BDA9-512908B1104D}"
EndProject
Project("{FAE04EC0-301F-11D3-BF4B-00C04F79EFBC}") = "CrowfoundingHn.Common.Bootstrapper", "CrowfoundingHn.Common.Bootstrapper\CrowfoundingHn.Common.Bootstrapper.csproj", "{98B324F3-94CC-47A4-B10F-E8F0B15F9AAD}"
EndProject
Project("{FAE04EC0-301F-11D3-BF4B-00C04F79EFBC}") = "CrowfoundingHn.Common.Data", "CrowfoundingHn.Common.Data\CrowfoundingHn.Common.Data.csproj", "{130158C3-4839-4083-A9DF-CB415F20D656}"
EndProject
Global
	GlobalSection(SolutionConfigurationPlatforms) = preSolution
		Debug|Any CPU = Debug|Any CPU
		Release|Any CPU = Release|Any CPU
	EndGlobalSection
	GlobalSection(ProjectConfigurationPlatforms) = postSolution
		{00C71E67-3F87-40DA-BF1C-2125A243AE0F}.Debug|Any CPU.ActiveCfg = Debug|Any CPU
		{00C71E67-3F87-40DA-BF1C-2125A243AE0F}.Debug|Any CPU.Build.0 = Debug|Any CPU
		{00C71E67-3F87-40DA-BF1C-2125A243AE0F}.Release|Any CPU.ActiveCfg = Release|Any CPU
		{00C71E67-3F87-40DA-BF1C-2125A243AE0F}.Release|Any CPU.Build.0 = Release|Any CPU
		{9D0AA903-D157-478E-8382-71F30C3B887F}.Debug|Any CPU.ActiveCfg = Debug|Any CPU
		{9D0AA903-D157-478E-8382-71F30C3B887F}.Debug|Any CPU.Build.0 = Debug|Any CPU
		{9D0AA903-D157-478E-8382-71F30C3B887F}.Release|Any CPU.ActiveCfg = Release|Any CPU
		{9D0AA903-D157-478E-8382-71F30C3B887F}.Release|Any CPU.Build.0 = Release|Any CPU
		{B0D3E75C-BBFC-4C30-9F4A-4DB57C9E70E4}.Debug|Any CPU.ActiveCfg = Debug|Any CPU
		{B0D3E75C-BBFC-4C30-9F4A-4DB57C9E70E4}.Debug|Any CPU.Build.0 = Debug|Any CPU
		{B0D3E75C-BBFC-4C30-9F4A-4DB57C9E70E4}.Release|Any CPU.ActiveCfg = Release|Any CPU
		{B0D3E75C-BBFC-4C30-9F4A-4DB57C9E70E4}.Release|Any CPU.Build.0 = Release|Any CPU
		{993D1ABD-E87A-4695-A7B3-93A6DD6D7036}.Debug|Any CPU.ActiveCfg = Debug|Any CPU
		{993D1ABD-E87A-4695-A7B3-93A6DD6D7036}.Debug|Any CPU.Build.0 = Debug|Any CPU
		{993D1ABD-E87A-4695-A7B3-93A6DD6D7036}.Release|Any CPU.ActiveCfg = Release|Any CPU
		{993D1ABD-E87A-4695-A7B3-93A6DD6D7036}.Release|Any CPU.Build.0 = Release|Any CPU
		{7CF08BDA-9867-4DA6-90F1-F4009B1C944C}.Debug|Any CPU.ActiveCfg = Debug|Any CPU
		{7CF08BDA-9867-4DA6-90F1-F4009B1C944C}.Debug|Any CPU.Build.0 = Debug|Any CPU
		{7CF08BDA-9867-4DA6-90F1-F4009B1C944C}.Release|Any CPU.ActiveCfg = Release|Any CPU
		{7CF08BDA-9867-4DA6-90F1-F4009B1C944C}.Release|Any CPU.Build.0 = Release|Any CPU
		{7FD70C5A-2415-4F60-BCF4-306E9CD52995}.Debug|Any CPU.ActiveCfg = Debug|Any CPU
		{7FD70C5A-2415-4F60-BCF4-306E9CD52995}.Debug|Any CPU.Build.0 = Debug|Any CPU
		{7FD70C5A-2415-4F60-BCF4-306E9CD52995}.Release|Any CPU.ActiveCfg = Release|Any CPU
		{7FD70C5A-2415-4F60-BCF4-306E9CD52995}.Release|Any CPU.Build.0 = Release|Any CPU
		{8F64669B-5C46-4ABB-B290-36973291B5F6}.Debug|Any CPU.ActiveCfg = Debug|Any CPU
		{8F64669B-5C46-4ABB-B290-36973291B5F6}.Debug|Any CPU.Build.0 = Debug|Any CPU
		{8F64669B-5C46-4ABB-B290-36973291B5F6}.Release|Any CPU.ActiveCfg = Release|Any CPU
		{8F64669B-5C46-4ABB-B290-36973291B5F6}.Release|Any CPU.Build.0 = Release|Any CPU
		{DC7C89EF-AB6A-4EC2-BDA9-512908B1104D}.Debug|Any CPU.ActiveCfg = Debug|Any CPU
		{DC7C89EF-AB6A-4EC2-BDA9-512908B1104D}.Debug|Any CPU.Build.0 = Debug|Any CPU
		{DC7C89EF-AB6A-4EC2-BDA9-512908B1104D}.Release|Any CPU.ActiveCfg = Release|Any CPU
		{DC7C89EF-AB6A-4EC2-BDA9-512908B1104D}.Release|Any CPU.Build.0 = Release|Any CPU
		{98B324F3-94CC-47A4-B10F-E8F0B15F9AAD}.Debug|Any CPU.ActiveCfg = Debug|Any CPU
		{98B324F3-94CC-47A4-B10F-E8F0B15F9AAD}.Debug|Any CPU.Build.0 = Debug|Any CPU
		{98B324F3-94CC-47A4-B10F-E8F0B15F9AAD}.Release|Any CPU.ActiveCfg = Release|Any CPU
		{98B324F3-94CC-47A4-B10F-E8F0B15F9AAD}.Release|Any CPU.Build.0 = Release|Any CPU
		{130158C3-4839-4083-A9DF-CB415F20D656}.Debug|Any CPU.ActiveCfg = Debug|Any CPU
		{130158C3-4839-4083-A9DF-CB415F20D656}.Debug|Any CPU.Build.0 = Debug|Any CPU
		{130158C3-4839-4083-A9DF-CB415F20D656}.Release|Any CPU.ActiveCfg = Release|Any CPU
		{130158C3-4839-4083-A9DF-CB415F20D656}.Release|Any CPU.Build.0 = Release|Any CPU
	EndGlobalSection
	GlobalSection(SolutionProperties) = preSolution
		HideSolutionNode = FALSE
	EndGlobalSection
	GlobalSection(NestedProjects) = preSolution
		{9D0AA903-D157-478E-8382-71F30C3B887F} = {B55319F7-79A8-4844-AE3E-784E1849B97C}
		{00C71E67-3F87-40DA-BF1C-2125A243AE0F} = {B55319F7-79A8-4844-AE3E-784E1849B97C}
		{993D1ABD-E87A-4695-A7B3-93A6DD6D7036} = {B7BF8E26-8974-4C5E-88E6-4EC9A9008553}
		{7CF08BDA-9867-4DA6-90F1-F4009B1C944C} = {B7BF8E26-8974-4C5E-88E6-4EC9A9008553}
		{7FD70C5A-2415-4F60-BCF4-306E9CD52995} = {B7BF8E26-8974-4C5E-88E6-4EC9A9008553}
		{8F64669B-5C46-4ABB-B290-36973291B5F6} = {B7BF8E26-8974-4C5E-88E6-4EC9A9008553}
		{B0D3E75C-BBFC-4C30-9F4A-4DB57C9E70E4} = {3D54FEDD-D75C-4E0D-BAED-87CB426B1BD6}
		{DC7C89EF-AB6A-4EC2-BDA9-512908B1104D} = {3D54FEDD-D75C-4E0D-BAED-87CB426B1BD6}
		{98B324F3-94CC-47A4-B10F-E8F0B15F9AAD} = {3D54FEDD-D75C-4E0D-BAED-87CB426B1BD6}
		{130158C3-4839-4083-A9DF-CB415F20D656} = {3D54FEDD-D75C-4E0D-BAED-87CB426B1BD6}
	EndGlobalSection
EndGlobal
